<Solution>
  <Project Path="../CamadaApresentacao1/CamadaApresentacao1.csproj" Id="74958760-ab7b-494d-a669-aba88d4c525e" />
  <Project Path="CamadaDados/CamadaDados.csproj" Id="39fea86e-e463-476a-a1a7-68daccbf4875" />
  <Project Path="CamadaNegocio/CamadaNegocio.csproj" Id="29e50ea5-9d6e-417e-86a3-67289b839fee" />
  <Project Path="SysComercio.csproj" />
</Solution>
