<Solution>
  <Project Path="../CamadaApresentacao/CamadaApresentacao.csproj" Id="001d4023-792f-44ae-bab5-efb7b5599aa0" />
  <Project Path="CamadaDados/CamadaDados.csproj" Id="39fea86e-e463-476a-a1a7-68daccbf4875" />
  <Project Path="CamadaNegocio/CamadaNegocio.csproj" Id="29e50ea5-9d6e-417e-86a3-67289b839fee" />
  <Project Path="SysComercio.csproj" />
</Solution>
